
Microsoft Visual Studio Solution File, Format Version 12.00
# Visual Studio 2013
VisualStudioVersion = 12.0.31101.0
MinimumVisualStudioVersion = 10.0.40219.1
Project("{FAE04EC0-301F-11D3-BF4B-00C04F79EFBC}") = "FluentMapping", "FluentMapping\FluentMapping.csproj", "{94BD531A-8747-44B9-9B9E-ED39BC7DA780}"
EndProject
Project("{FAE04EC0-301F-11D3-BF4B-00C04F79EFBC}") = "FluentMapping.Tests", "FluentMapping.Tests\FluentMapping.Tests.csproj", "{A1BEADC4-6707-45AF-8B31-C72FCC480558}"
EndProject
Global
	GlobalSection(SolutionConfigurationPlatforms) = preSolution
		Debug|Any CPU = Debug|Any CPU
		Release|Any CPU = Release|Any CPU
	EndGlobalSection
	GlobalSection(ProjectConfigurationPlatforms) = postSolution
		{94BD531A-8747-44B9-9B9E-ED39BC7DA780}.Debug|Any CPU.ActiveCfg = Debug|Any CPU
		{94BD531A-8747-44B9-9B9E-ED39BC7DA780}.Debug|Any CPU.Build.0 = Debug|Any CPU
		{94BD531A-8747-44B9-9B9E-ED39BC7DA780}.Release|Any CPU.ActiveCfg = Release|Any CPU
		{94BD531A-8747-44B9-9B9E-ED39BC7DA780}.Release|Any CPU.Build.0 = Release|Any CPU
		{A1BEADC4-6707-45AF-8B31-C72FCC480558}.Debug|Any CPU.ActiveCfg = Debug|Any CPU
		{A1BEADC4-6707-45AF-8B31-C72FCC480558}.Debug|Any CPU.Build.0 = Debug|Any CPU
		{A1BEADC4-6707-45AF-8B31-C72FCC480558}.Release|Any CPU.ActiveCfg = Release|Any CPU
		{A1BEADC4-6707-45AF-8B31-C72FCC480558}.Release|Any CPU.Build.0 = Release|Any CPU
	EndGlobalSection
	GlobalSection(SolutionProperties) = preSolution
		HideSolutionNode = FALSE
	EndGlobalSection
EndGlobal
